
Microsoft Visual Studio Solution File, Format Version 12.00
# Visual Studio Version 17
VisualStudioVersion = 17.1.32210.238
MinimumVisualStudioVersion = 10.0.40219.1
Project("{FAE04EC0-301F-11D3-BF4B-00C04F79EFBC}") = "CSCI3328 Lab 4", "CSCI3328 Lab 4\CSCI3328 Lab 4.csproj", "{8CB438A3-A9FA-4CED-9096-68E9A907A193}"
EndProject
Global
	GlobalSection(SolutionConfigurationPlatforms) = preSolution
		Debug|Any CPU = Debug|Any CPU
		Release|Any CPU = Release|Any CPU
	EndGlobalSection
	GlobalSection(ProjectConfigurationPlatforms) = postSolution
		{8CB438A3-A9FA-4CED-9096-68E9A907A193}.Debug|Any CPU.ActiveCfg = Debug|Any CPU
		{8CB438A3-A9FA-4CED-9096-68E9A907A193}.Debug|Any CPU.Build.0 = Debug|Any CPU
		{8CB438A3-A9FA-4CED-9096-68E9A907A193}.Release|Any CPU.ActiveCfg = Release|Any CPU
		{8CB438A3-A9FA-4CED-9096-68E9A907A193}.Release|Any CPU.Build.0 = Release|Any CPU
	EndGlobalSection
	GlobalSection(SolutionProperties) = preSolution
		HideSolutionNode = FALSE
	EndGlobalSection
	GlobalSection(ExtensibilityGlobals) = postSolution
		SolutionGuid = {AB13ACE4-7F83-4EC0-BE3F-7B55AE1A185E}
	EndGlobalSection
EndGlobal
