
Microsoft Visual Studio Solution File, Format Version 12.00
# Visual Studio Version 17
VisualStudioVersion = 17.1.32210.238
MinimumVisualStudioVersion = 10.0.40219.1
Project("{FAE04EC0-301F-11D3-BF4B-00C04F79EFBC}") = "Lab 5 - CSCI 3328", "Lab 5 - CSCI 3328\Lab 5 - CSCI 3328.csproj", "{615B6651-D2DB-44DF-81E8-C147441C67AD}"
EndProject
Global
	GlobalSection(SolutionConfigurationPlatforms) = preSolution
		Debug|Any CPU = Debug|Any CPU
		Release|Any CPU = Release|Any CPU
	EndGlobalSection
	GlobalSection(ProjectConfigurationPlatforms) = postSolution
		{615B6651-D2DB-44DF-81E8-C147441C67AD}.Debug|Any CPU.ActiveCfg = Debug|Any CPU
		{615B6651-D2DB-44DF-81E8-C147441C67AD}.Debug|Any CPU.Build.0 = Debug|Any CPU
		{615B6651-D2DB-44DF-81E8-C147441C67AD}.Release|Any CPU.ActiveCfg = Release|Any CPU
		{615B6651-D2DB-44DF-81E8-C147441C67AD}.Release|Any CPU.Build.0 = Release|Any CPU
	EndGlobalSection
	GlobalSection(SolutionProperties) = preSolution
		HideSolutionNode = FALSE
	EndGlobalSection
	GlobalSection(ExtensibilityGlobals) = postSolution
		SolutionGuid = {14EC2F74-1FCE-46BD-BE28-CA732A48A61B}
	EndGlobalSection
EndGlobal
