
Microsoft Visual Studio Solution File, Format Version 12.00
# Visual Studio Version 17
VisualStudioVersion = 17.1.32210.238
MinimumVisualStudioVersion = 10.0.40219.1
Project("{8BC9CEB8-8B4A-11D0-8D11-00A0C91BC942}") = "InClassAssemblyProgram", "InClassAssemblyProgram\InClassAssemblyProgram.vcxproj", "{91F35039-3CC6-40FD-87F4-BFC6A9472A47}"
EndProject
Global
	GlobalSection(SolutionConfigurationPlatforms) = preSolution
		Debug|x64 = Debug|x64
		Debug|x86 = Debug|x86
		Release|x64 = Release|x64
		Release|x86 = Release|x86
	EndGlobalSection
	GlobalSection(ProjectConfigurationPlatforms) = postSolution
		{91F35039-3CC6-40FD-87F4-BFC6A9472A47}.Debug|x64.ActiveCfg = Debug|x64
		{91F35039-3CC6-40FD-87F4-BFC6A9472A47}.Debug|x64.Build.0 = Debug|x64
		{91F35039-3CC6-40FD-87F4-BFC6A9472A47}.Debug|x86.ActiveCfg = Debug|Win32
		{91F35039-3CC6-40FD-87F4-BFC6A9472A47}.Debug|x86.Build.0 = Debug|Win32
		{91F35039-3CC6-40FD-87F4-BFC6A9472A47}.Release|x64.ActiveCfg = Release|x64
		{91F35039-3CC6-40FD-87F4-BFC6A9472A47}.Release|x64.Build.0 = Release|x64
		{91F35039-3CC6-40FD-87F4-BFC6A9472A47}.Release|x86.ActiveCfg = Release|Win32
		{91F35039-3CC6-40FD-87F4-BFC6A9472A47}.Release|x86.Build.0 = Release|Win32
	EndGlobalSection
	GlobalSection(SolutionProperties) = preSolution
		HideSolutionNode = FALSE
	EndGlobalSection
	GlobalSection(ExtensibilityGlobals) = postSolution
		SolutionGuid = {F1A73B1B-8255-4A98-8CDB-3BF8D9A82CE3}
	EndGlobalSection
EndGlobal
