
Microsoft Visual Studio Solution File, Format Version 12.00
# Visual Studio Version 16
VisualStudioVersion = 16.0.30330.147
MinimumVisualStudioVersion = 10.0.40219.1
Project("{FAE04EC0-301F-11D3-BF4B-00C04F79EFBC}") = "SimpleSnakeGameS", "SimpleSnakeGameS.csproj", "{B590F039-4A83-41D2-8E48-014638421BEC}"
EndProject
Global
	GlobalSection(SolutionConfigurationPlatforms) = preSolution
		Debug|Any CPU = Debug|Any CPU
		Release|Any CPU = Release|Any CPU
	EndGlobalSection
	GlobalSection(ProjectConfigurationPlatforms) = postSolution
		{B590F039-4A83-41D2-8E48-014638421BEC}.Debug|Any CPU.ActiveCfg = Debug|Any CPU
		{B590F039-4A83-41D2-8E48-014638421BEC}.Debug|Any CPU.Build.0 = Debug|Any CPU
		{B590F039-4A83-41D2-8E48-014638421BEC}.Release|Any CPU.ActiveCfg = Release|Any CPU
		{B590F039-4A83-41D2-8E48-014638421BEC}.Release|Any CPU.Build.0 = Release|Any CPU
	EndGlobalSection
	GlobalSection(SolutionProperties) = preSolution
		HideSolutionNode = FALSE
	EndGlobalSection
	GlobalSection(ExtensibilityGlobals) = postSolution
		SolutionGuid = {212574B1-C9B9-440A-A2AC-93A2494C3F3C}
	EndGlobalSection
EndGlobal
