
Microsoft Visual Studio Solution File, Format Version 12.00
# Visual Studio Version 16
VisualStudioVersion = 16.0.30611.23
MinimumVisualStudioVersion = 10.0.40219.1
Project("{FAE04EC0-301F-11D3-BF4B-00C04F79EFBC}") = "Minesweeper Game", "Minesweeper Game.csproj", "{C2145C9F-A92B-40A0-945A-7EBA12703876}"
EndProject
Global
	GlobalSection(SolutionConfigurationPlatforms) = preSolution
		Debug|Any CPU = Debug|Any CPU
		Release|Any CPU = Release|Any CPU
	EndGlobalSection
	GlobalSection(ProjectConfigurationPlatforms) = postSolution
		{C2145C9F-A92B-40A0-945A-7EBA12703876}.Debug|Any CPU.ActiveCfg = Debug|Any CPU
		{C2145C9F-A92B-40A0-945A-7EBA12703876}.Debug|Any CPU.Build.0 = Debug|Any CPU
		{C2145C9F-A92B-40A0-945A-7EBA12703876}.Release|Any CPU.ActiveCfg = Release|Any CPU
		{C2145C9F-A92B-40A0-945A-7EBA12703876}.Release|Any CPU.Build.0 = Release|Any CPU
	EndGlobalSection
	GlobalSection(SolutionProperties) = preSolution
		HideSolutionNode = FALSE
	EndGlobalSection
	GlobalSection(ExtensibilityGlobals) = postSolution
		SolutionGuid = {5D1765D2-9A70-4CF7-B022-C65CCE38E752}
	EndGlobalSection
EndGlobal
