
Microsoft Visual Studio Solution File, Format Version 12.00
# Visual Studio Version 16
VisualStudioVersion = 16.0.31613.86
MinimumVisualStudioVersion = 10.0.40219.1
Project("{8BC9CEB8-8B4A-11D0-8D11-00A0C91BC942}") = "EnglishToLefxao", "EnglishToLefxao\EnglishToLefxao.vcxproj", "{2405F016-54B4-4BC8-B338-B4BA1D7487B7}"
EndProject
Global
	GlobalSection(SolutionConfigurationPlatforms) = preSolution
		Debug|x64 = Debug|x64
		Debug|x86 = Debug|x86
		Release|x64 = Release|x64
		Release|x86 = Release|x86
	EndGlobalSection
	GlobalSection(ProjectConfigurationPlatforms) = postSolution
		{2405F016-54B4-4BC8-B338-B4BA1D7487B7}.Debug|x64.ActiveCfg = Debug|x64
		{2405F016-54B4-4BC8-B338-B4BA1D7487B7}.Debug|x64.Build.0 = Debug|x64
		{2405F016-54B4-4BC8-B338-B4BA1D7487B7}.Debug|x86.ActiveCfg = Debug|Win32
		{2405F016-54B4-4BC8-B338-B4BA1D7487B7}.Debug|x86.Build.0 = Debug|Win32
		{2405F016-54B4-4BC8-B338-B4BA1D7487B7}.Release|x64.ActiveCfg = Release|x64
		{2405F016-54B4-4BC8-B338-B4BA1D7487B7}.Release|x64.Build.0 = Release|x64
		{2405F016-54B4-4BC8-B338-B4BA1D7487B7}.Release|x86.ActiveCfg = Release|Win32
		{2405F016-54B4-4BC8-B338-B4BA1D7487B7}.Release|x86.Build.0 = Release|Win32
	EndGlobalSection
	GlobalSection(SolutionProperties) = preSolution
		HideSolutionNode = FALSE
	EndGlobalSection
	GlobalSection(ExtensibilityGlobals) = postSolution
		SolutionGuid = {B948FD0A-08EA-4D7D-82EA-96323709F449}
	EndGlobalSection
EndGlobal
