
Microsoft Visual Studio Solution File, Format Version 12.00
# Visual Studio Version 17
VisualStudioVersion = 17.1.32210.238
MinimumVisualStudioVersion = 10.0.40219.1
Project("{8BC9CEB8-8B4A-11D0-8D11-00A0C91BC942}") = "March 9 Assembly", "March 9 Assembly\March 9 Assembly.vcxproj", "{317C5F16-4681-4690-BD6D-5F27CC2FE675}"
EndProject
Global
	GlobalSection(SolutionConfigurationPlatforms) = preSolution
		Debug|x64 = Debug|x64
		Debug|x86 = Debug|x86
		Release|x64 = Release|x64
		Release|x86 = Release|x86
	EndGlobalSection
	GlobalSection(ProjectConfigurationPlatforms) = postSolution
		{317C5F16-4681-4690-BD6D-5F27CC2FE675}.Debug|x64.ActiveCfg = Debug|x64
		{317C5F16-4681-4690-BD6D-5F27CC2FE675}.Debug|x64.Build.0 = Debug|x64
		{317C5F16-4681-4690-BD6D-5F27CC2FE675}.Debug|x86.ActiveCfg = Debug|Win32
		{317C5F16-4681-4690-BD6D-5F27CC2FE675}.Debug|x86.Build.0 = Debug|Win32
		{317C5F16-4681-4690-BD6D-5F27CC2FE675}.Release|x64.ActiveCfg = Release|x64
		{317C5F16-4681-4690-BD6D-5F27CC2FE675}.Release|x64.Build.0 = Release|x64
		{317C5F16-4681-4690-BD6D-5F27CC2FE675}.Release|x86.ActiveCfg = Release|Win32
		{317C5F16-4681-4690-BD6D-5F27CC2FE675}.Release|x86.Build.0 = Release|Win32
	EndGlobalSection
	GlobalSection(SolutionProperties) = preSolution
		HideSolutionNode = FALSE
	EndGlobalSection
	GlobalSection(ExtensibilityGlobals) = postSolution
		SolutionGuid = {0DCF049F-E979-4B5C-8BF9-E6A8DD33E0E4}
	EndGlobalSection
EndGlobal
