
Microsoft Visual Studio Solution File, Format Version 12.00
# Visual Studio Version 16
VisualStudioVersion = 16.0.31613.86
MinimumVisualStudioVersion = 10.0.40219.1
Project("{FAE04EC0-301F-11D3-BF4B-00C04F79EFBC}") = "HelloWorldProgram", "HelloWorldProgram\HelloWorldProgram.csproj", "{D84A95E3-E8E6-43E9-A7C1-BE308DB7DD8F}"
EndProject
Global
	GlobalSection(SolutionConfigurationPlatforms) = preSolution
		Debug|Any CPU = Debug|Any CPU
		Release|Any CPU = Release|Any CPU
	EndGlobalSection
	GlobalSection(ProjectConfigurationPlatforms) = postSolution
		{D84A95E3-E8E6-43E9-A7C1-BE308DB7DD8F}.Debug|Any CPU.ActiveCfg = Debug|Any CPU
		{D84A95E3-E8E6-43E9-A7C1-BE308DB7DD8F}.Debug|Any CPU.Build.0 = Debug|Any CPU
		{D84A95E3-E8E6-43E9-A7C1-BE308DB7DD8F}.Release|Any CPU.ActiveCfg = Release|Any CPU
		{D84A95E3-E8E6-43E9-A7C1-BE308DB7DD8F}.Release|Any CPU.Build.0 = Release|Any CPU
	EndGlobalSection
	GlobalSection(SolutionProperties) = preSolution
		HideSolutionNode = FALSE
	EndGlobalSection
	GlobalSection(ExtensibilityGlobals) = postSolution
		SolutionGuid = {40C1C66E-229D-4178-AB33-92EC4FA649CD}
	EndGlobalSection
EndGlobal
