
Microsoft Visual Studio Solution File, Format Version 12.00
# Visual Studio Version 17
VisualStudioVersion = 17.1.32210.238
MinimumVisualStudioVersion = 10.0.40219.1
Project("{FAE04EC0-301F-11D3-BF4B-00C04F79EFBC}") = "CSCI 3328 Lab 8", "CSCI 3328 Lab 8\CSCI 3328 Lab 8.csproj", "{3DF62721-CFAA-400E-8C1B-EC4A852405F2}"
EndProject
Global
	GlobalSection(SolutionConfigurationPlatforms) = preSolution
		Debug|Any CPU = Debug|Any CPU
		Release|Any CPU = Release|Any CPU
	EndGlobalSection
	GlobalSection(ProjectConfigurationPlatforms) = postSolution
		{3DF62721-CFAA-400E-8C1B-EC4A852405F2}.Debug|Any CPU.ActiveCfg = Debug|Any CPU
		{3DF62721-CFAA-400E-8C1B-EC4A852405F2}.Debug|Any CPU.Build.0 = Debug|Any CPU
		{3DF62721-CFAA-400E-8C1B-EC4A852405F2}.Release|Any CPU.ActiveCfg = Release|Any CPU
		{3DF62721-CFAA-400E-8C1B-EC4A852405F2}.Release|Any CPU.Build.0 = Release|Any CPU
	EndGlobalSection
	GlobalSection(SolutionProperties) = preSolution
		HideSolutionNode = FALSE
	EndGlobalSection
	GlobalSection(ExtensibilityGlobals) = postSolution
		SolutionGuid = {133B1BE2-FEC9-47C6-AB62-B093FB5A207D}
	EndGlobalSection
EndGlobal
