
Microsoft Visual Studio Solution File, Format Version 12.00
# Visual Studio Version 17
VisualStudioVersion = 17.1.32210.238
MinimumVisualStudioVersion = 10.0.40219.1
Project("{8BC9CEB8-8B4A-11D0-8D11-00A0C91BC942}") = "hwMZ2", "hwMZ2\hwMZ2.vcxproj", "{28A5C2F8-E1B6-4DE1-88CA-63878F230545}"
EndProject
Global
	GlobalSection(SolutionConfigurationPlatforms) = preSolution
		Debug|x64 = Debug|x64
		Debug|x86 = Debug|x86
		Release|x64 = Release|x64
		Release|x86 = Release|x86
	EndGlobalSection
	GlobalSection(ProjectConfigurationPlatforms) = postSolution
		{28A5C2F8-E1B6-4DE1-88CA-63878F230545}.Debug|x64.ActiveCfg = Debug|x64
		{28A5C2F8-E1B6-4DE1-88CA-63878F230545}.Debug|x64.Build.0 = Debug|x64
		{28A5C2F8-E1B6-4DE1-88CA-63878F230545}.Debug|x86.ActiveCfg = Debug|Win32
		{28A5C2F8-E1B6-4DE1-88CA-63878F230545}.Debug|x86.Build.0 = Debug|Win32
		{28A5C2F8-E1B6-4DE1-88CA-63878F230545}.Release|x64.ActiveCfg = Release|x64
		{28A5C2F8-E1B6-4DE1-88CA-63878F230545}.Release|x64.Build.0 = Release|x64
		{28A5C2F8-E1B6-4DE1-88CA-63878F230545}.Release|x86.ActiveCfg = Release|Win32
		{28A5C2F8-E1B6-4DE1-88CA-63878F230545}.Release|x86.Build.0 = Release|Win32
	EndGlobalSection
	GlobalSection(SolutionProperties) = preSolution
		HideSolutionNode = FALSE
	EndGlobalSection
	GlobalSection(ExtensibilityGlobals) = postSolution
		SolutionGuid = {C5FC1E2E-5D50-4C16-8F28-0C583A6009BC}
	EndGlobalSection
EndGlobal
