
Microsoft Visual Studio Solution File, Format Version 12.00
# Visual Studio Version 16
VisualStudioVersion = 16.0.31613.86
MinimumVisualStudioVersion = 10.0.40219.1
Project("{8BC9CEB8-8B4A-11D0-8D11-00A0C91BC942}") = "Binarytree", "Binarytree\Binarytree.vcxproj", "{6159B595-0E77-4388-BD6F-E7E8A5CFF086}"
EndProject
Global
	GlobalSection(SolutionConfigurationPlatforms) = preSolution
		Debug|x64 = Debug|x64
		Debug|x86 = Debug|x86
		Release|x64 = Release|x64
		Release|x86 = Release|x86
	EndGlobalSection
	GlobalSection(ProjectConfigurationPlatforms) = postSolution
		{6159B595-0E77-4388-BD6F-E7E8A5CFF086}.Debug|x64.ActiveCfg = Debug|x64
		{6159B595-0E77-4388-BD6F-E7E8A5CFF086}.Debug|x64.Build.0 = Debug|x64
		{6159B595-0E77-4388-BD6F-E7E8A5CFF086}.Debug|x86.ActiveCfg = Debug|Win32
		{6159B595-0E77-4388-BD6F-E7E8A5CFF086}.Debug|x86.Build.0 = Debug|Win32
		{6159B595-0E77-4388-BD6F-E7E8A5CFF086}.Release|x64.ActiveCfg = Release|x64
		{6159B595-0E77-4388-BD6F-E7E8A5CFF086}.Release|x64.Build.0 = Release|x64
		{6159B595-0E77-4388-BD6F-E7E8A5CFF086}.Release|x86.ActiveCfg = Release|Win32
		{6159B595-0E77-4388-BD6F-E7E8A5CFF086}.Release|x86.Build.0 = Release|Win32
	EndGlobalSection
	GlobalSection(SolutionProperties) = preSolution
		HideSolutionNode = FALSE
	EndGlobalSection
	GlobalSection(ExtensibilityGlobals) = postSolution
		SolutionGuid = {795BCE15-0DFD-46AD-A478-0CEC68B97711}
	EndGlobalSection
EndGlobal
